
Microsoft Visual Studio Solution File, Format Version 12.00
# Visual Studio Version 17
VisualStudioVersion = 17.8.34330.188
MinimumVisualStudioVersion = 10.0.40219.1
Project("{9A19103F-16F7-4668-BE54-9A1E7A4F7556}") = "Atlas.Web", "src\Atlas.Web\Atlas.Web.csproj", "{5C6F63E0-262B-4495-9ED9-B093A3944F52}"
EndProject
Project("{9A19103F-16F7-4668-BE54-9A1E7A4F7556}") = "Atlas.Shared", "src\Atlas.Shared\Atlas.Shared.csproj", "{0DDFE694-0C48-4075-8511-0058DB1096EB}"
EndProject
Project("{2150E333-8FDC-42A3-9474-1A3956D46DE8}") = "Modules", "Modules", "{1C032716-C75E-47A0-B6AA-D743BBA8413B}"
EndProject
Project("{2150E333-8FDC-42A3-9474-1A3956D46DE8}") = "Users", "Users", "{67DD32D8-C7AC-4ECE-BD91-6DCCECB0991C}"
EndProject
Project("{2150E333-8FDC-42A3-9474-1A3956D46DE8}") = "Plans", "Plans", "{E68FD7F0-3DDD-46F6-B6DD-9AEBCC11A303}"
EndProject
Project("{2150E333-8FDC-42A3-9474-1A3956D46DE8}") = "Shared", "Shared", "{DC95E870-FC45-4C49-AEFC-8CB224E77C35}"
EndProject
Project("{9A19103F-16F7-4668-BE54-9A1E7A4F7556}") = "Atlas.Shared.Domain", "src\Modules\Shared\Atlas.Shared.Domain\Atlas.Shared.Domain.csproj", "{0B15CCD1-7C02-4E3D-A6B2-7C3A42A400F9}"
EndProject
Project("{9A19103F-16F7-4668-BE54-9A1E7A4F7556}") = "Atlas.Shared.Application", "src\Modules\Shared\Atlas.Shared.Application\Atlas.Shared.Application.csproj", "{4DF38E4E-CD24-4B5A-9E8F-7E0052680B57}"
EndProject
Project("{9A19103F-16F7-4668-BE54-9A1E7A4F7556}") = "Atlas.Shared.Infrastructure", "src\Modules\Shared\Atlas.Shared.Infrastructure\Atlas.Shared.Infrastructure.csproj", "{974B2124-7CCD-48F8-926C-7A1130AA9D12}"
EndProject
Project("{9A19103F-16F7-4668-BE54-9A1E7A4F7556}") = "Atlas.Shared.Infrastructure.Razor", "src\Modules\Shared\Atlas.Shared.Infrastructure.Razor\Atlas.Shared.Infrastructure.Razor.csproj", "{93E66889-1F46-4C84-91D4-1B150E10EB8C}"
EndProject
Project("{9A19103F-16F7-4668-BE54-9A1E7A4F7556}") = "Atlas.Users.Domain", "src\Modules\Users\Atlas.Users.Domain\Atlas.Users.Domain.csproj", "{CB28C10A-1398-4071-8375-E71A22857477}"
EndProject
Project("{9A19103F-16F7-4668-BE54-9A1E7A4F7556}") = "Atlas.Users.Application", "src\Modules\Users\Atlas.Users.Application\Atlas.Users.Application.csproj", "{E341E084-AA3D-4BC7-AE52-84C2F72BE84F}"
EndProject
Project("{9A19103F-16F7-4668-BE54-9A1E7A4F7556}") = "Atlas.Users.Infrastructure", "src\Modules\Users\Atlas.Users.Infrastructure\Atlas.Users.Infrastructure.csproj", "{0DFC0D68-135C-42FA-9702-5909BA838484}"
EndProject
Project("{9A19103F-16F7-4668-BE54-9A1E7A4F7556}") = "Atlas.Plans.Domain", "src\Modules\Plans\Atlas.Plans.Domain\Atlas.Plans.Domain.csproj", "{B0CD2937-C8EE-4D19-8D9C-DBD023A051A4}"
EndProject
Project("{9A19103F-16F7-4668-BE54-9A1E7A4F7556}") = "Atlas.Plans.Application", "src\Modules\Plans\Atlas.Plans.Application\Atlas.Plans.Application.csproj", "{F0F557A7-2FEE-4889-BCF7-DDA27615647C}"
EndProject
Project("{9A19103F-16F7-4668-BE54-9A1E7A4F7556}") = "Atlas.Plans.Infrastructure", "src\Modules\Plans\Atlas.Plans.Infrastructure\Atlas.Plans.Infrastructure.csproj", "{C4A11FF7-2788-4D5B-917C-615BF06A2CF1}"
EndProject
Project("{2150E333-8FDC-42A3-9474-1A3956D46DE8}") = "Tests", "Tests", "{CA2E7E6F-9743-483A-95F0-D0ECF99AC852}"
EndProject
Project("{FAE04EC0-301F-11D3-BF4B-00C04F79EFBC}") = "ArchTests", "src\Tests\ArchTests\ArchTests.csproj", "{B9B1463F-A68E-4788-8E20-497BDF226D63}"
EndProject
Project("{9A19103F-16F7-4668-BE54-9A1E7A4F7556}") = "Atlas.Shared.IntegrationEvents", "src\Modules\Shared\Atlas.Shared.IntegratinEvents\Atlas.Shared.IntegrationEvents.csproj", "{BF032A0A-CD4E-4F83-AF7E-5588838FB468}"
EndProject
Project("{9A19103F-16F7-4668-BE54-9A1E7A4F7556}") = "Atlas.Plans.IntegrationEvents", "src\Modules\Plans\Atlas.Plans.IntegrationEvents\Atlas.Plans.IntegrationEvents.csproj", "{DA97CB17-074F-43C1-88D6-87D95E4327C0}"
EndProject
Project("{9A19103F-16F7-4668-BE54-9A1E7A4F7556}") = "Atlas.Users.IntegrationEvents", "src\Modules\Users\Atlas.Users.IntegrationEvents\Atlas.Users.IntegrationEvents.csproj", "{64944EF5-37F5-4CEA-A35F-692D660968CC}"
EndProject
Global
	GlobalSection(SolutionConfigurationPlatforms) = preSolution
		Debug|Any CPU = Debug|Any CPU
		Release|Any CPU = Release|Any CPU
	EndGlobalSection
	GlobalSection(ProjectConfigurationPlatforms) = postSolution
		{5C6F63E0-262B-4495-9ED9-B093A3944F52}.Debug|Any CPU.ActiveCfg = Debug|Any CPU
		{5C6F63E0-262B-4495-9ED9-B093A3944F52}.Debug|Any CPU.Build.0 = Debug|Any CPU
		{5C6F63E0-262B-4495-9ED9-B093A3944F52}.Release|Any CPU.ActiveCfg = Release|Any CPU
		{5C6F63E0-262B-4495-9ED9-B093A3944F52}.Release|Any CPU.Build.0 = Release|Any CPU
		{0DDFE694-0C48-4075-8511-0058DB1096EB}.Debug|Any CPU.ActiveCfg = Debug|Any CPU
		{0DDFE694-0C48-4075-8511-0058DB1096EB}.Debug|Any CPU.Build.0 = Debug|Any CPU
		{0DDFE694-0C48-4075-8511-0058DB1096EB}.Release|Any CPU.ActiveCfg = Release|Any CPU
		{0DDFE694-0C48-4075-8511-0058DB1096EB}.Release|Any CPU.Build.0 = Release|Any CPU
		{0B15CCD1-7C02-4E3D-A6B2-7C3A42A400F9}.Debug|Any CPU.ActiveCfg = Debug|Any CPU
		{0B15CCD1-7C02-4E3D-A6B2-7C3A42A400F9}.Debug|Any CPU.Build.0 = Debug|Any CPU
		{0B15CCD1-7C02-4E3D-A6B2-7C3A42A400F9}.Release|Any CPU.ActiveCfg = Release|Any CPU
		{0B15CCD1-7C02-4E3D-A6B2-7C3A42A400F9}.Release|Any CPU.Build.0 = Release|Any CPU
		{4DF38E4E-CD24-4B5A-9E8F-7E0052680B57}.Debug|Any CPU.ActiveCfg = Debug|Any CPU
		{4DF38E4E-CD24-4B5A-9E8F-7E0052680B57}.Debug|Any CPU.Build.0 = Debug|Any CPU
		{4DF38E4E-CD24-4B5A-9E8F-7E0052680B57}.Release|Any CPU.ActiveCfg = Release|Any CPU
		{4DF38E4E-CD24-4B5A-9E8F-7E0052680B57}.Release|Any CPU.Build.0 = Release|Any CPU
		{974B2124-7CCD-48F8-926C-7A1130AA9D12}.Debug|Any CPU.ActiveCfg = Debug|Any CPU
		{974B2124-7CCD-48F8-926C-7A1130AA9D12}.Debug|Any CPU.Build.0 = Debug|Any CPU
		{974B2124-7CCD-48F8-926C-7A1130AA9D12}.Release|Any CPU.ActiveCfg = Release|Any CPU
		{974B2124-7CCD-48F8-926C-7A1130AA9D12}.Release|Any CPU.Build.0 = Release|Any CPU
		{93E66889-1F46-4C84-91D4-1B150E10EB8C}.Debug|Any CPU.ActiveCfg = Debug|Any CPU
		{93E66889-1F46-4C84-91D4-1B150E10EB8C}.Debug|Any CPU.Build.0 = Debug|Any CPU
		{93E66889-1F46-4C84-91D4-1B150E10EB8C}.Release|Any CPU.ActiveCfg = Release|Any CPU
		{93E66889-1F46-4C84-91D4-1B150E10EB8C}.Release|Any CPU.Build.0 = Release|Any CPU
		{CB28C10A-1398-4071-8375-E71A22857477}.Debug|Any CPU.ActiveCfg = Debug|Any CPU
		{CB28C10A-1398-4071-8375-E71A22857477}.Debug|Any CPU.Build.0 = Debug|Any CPU
		{CB28C10A-1398-4071-8375-E71A22857477}.Release|Any CPU.ActiveCfg = Release|Any CPU
		{CB28C10A-1398-4071-8375-E71A22857477}.Release|Any CPU.Build.0 = Release|Any CPU
		{E341E084-AA3D-4BC7-AE52-84C2F72BE84F}.Debug|Any CPU.ActiveCfg = Debug|Any CPU
		{E341E084-AA3D-4BC7-AE52-84C2F72BE84F}.Debug|Any CPU.Build.0 = Debug|Any CPU
		{E341E084-AA3D-4BC7-AE52-84C2F72BE84F}.Release|Any CPU.ActiveCfg = Release|Any CPU
		{E341E084-AA3D-4BC7-AE52-84C2F72BE84F}.Release|Any CPU.Build.0 = Release|Any CPU
		{0DFC0D68-135C-42FA-9702-5909BA838484}.Debug|Any CPU.ActiveCfg = Debug|Any CPU
		{0DFC0D68-135C-42FA-9702-5909BA838484}.Debug|Any CPU.Build.0 = Debug|Any CPU
		{0DFC0D68-135C-42FA-9702-5909BA838484}.Release|Any CPU.ActiveCfg = Release|Any CPU
		{0DFC0D68-135C-42FA-9702-5909BA838484}.Release|Any CPU.Build.0 = Release|Any CPU
		{B0CD2937-C8EE-4D19-8D9C-DBD023A051A4}.Debug|Any CPU.ActiveCfg = Debug|Any CPU
		{B0CD2937-C8EE-4D19-8D9C-DBD023A051A4}.Debug|Any CPU.Build.0 = Debug|Any CPU
		{B0CD2937-C8EE-4D19-8D9C-DBD023A051A4}.Release|Any CPU.ActiveCfg = Release|Any CPU
		{B0CD2937-C8EE-4D19-8D9C-DBD023A051A4}.Release|Any CPU.Build.0 = Release|Any CPU
		{F0F557A7-2FEE-4889-BCF7-DDA27615647C}.Debug|Any CPU.ActiveCfg = Debug|Any CPU
		{F0F557A7-2FEE-4889-BCF7-DDA27615647C}.Debug|Any CPU.Build.0 = Debug|Any CPU
		{F0F557A7-2FEE-4889-BCF7-DDA27615647C}.Release|Any CPU.ActiveCfg = Release|Any CPU
		{F0F557A7-2FEE-4889-BCF7-DDA27615647C}.Release|Any CPU.Build.0 = Release|Any CPU
		{C4A11FF7-2788-4D5B-917C-615BF06A2CF1}.Debug|Any CPU.ActiveCfg = Debug|Any CPU
		{C4A11FF7-2788-4D5B-917C-615BF06A2CF1}.Debug|Any CPU.Build.0 = Debug|Any CPU
		{C4A11FF7-2788-4D5B-917C-615BF06A2CF1}.Release|Any CPU.ActiveCfg = Release|Any CPU
		{C4A11FF7-2788-4D5B-917C-615BF06A2CF1}.Release|Any CPU.Build.0 = Release|Any CPU
		{B9B1463F-A68E-4788-8E20-497BDF226D63}.Debug|Any CPU.ActiveCfg = Debug|Any CPU
		{B9B1463F-A68E-4788-8E20-497BDF226D63}.Debug|Any CPU.Build.0 = Debug|Any CPU
		{B9B1463F-A68E-4788-8E20-497BDF226D63}.Release|Any CPU.ActiveCfg = Release|Any CPU
		{B9B1463F-A68E-4788-8E20-497BDF226D63}.Release|Any CPU.Build.0 = Release|Any CPU
		{BF032A0A-CD4E-4F83-AF7E-5588838FB468}.Debug|Any CPU.ActiveCfg = Debug|Any CPU
		{BF032A0A-CD4E-4F83-AF7E-5588838FB468}.Debug|Any CPU.Build.0 = Debug|Any CPU
		{BF032A0A-CD4E-4F83-AF7E-5588838FB468}.Release|Any CPU.ActiveCfg = Release|Any CPU
		{BF032A0A-CD4E-4F83-AF7E-5588838FB468}.Release|Any CPU.Build.0 = Release|Any CPU
		{DA97CB17-074F-43C1-88D6-87D95E4327C0}.Debug|Any CPU.ActiveCfg = Debug|Any CPU
		{DA97CB17-074F-43C1-88D6-87D95E4327C0}.Debug|Any CPU.Build.0 = Debug|Any CPU
		{DA97CB17-074F-43C1-88D6-87D95E4327C0}.Release|Any CPU.ActiveCfg = Release|Any CPU
		{DA97CB17-074F-43C1-88D6-87D95E4327C0}.Release|Any CPU.Build.0 = Release|Any CPU
		{64944EF5-37F5-4CEA-A35F-692D660968CC}.Debug|Any CPU.ActiveCfg = Debug|Any CPU
		{64944EF5-37F5-4CEA-A35F-692D660968CC}.Debug|Any CPU.Build.0 = Debug|Any CPU
		{64944EF5-37F5-4CEA-A35F-692D660968CC}.Release|Any CPU.ActiveCfg = Release|Any CPU
		{64944EF5-37F5-4CEA-A35F-692D660968CC}.Release|Any CPU.Build.0 = Release|Any CPU
	EndGlobalSection
	GlobalSection(SolutionProperties) = preSolution
		HideSolutionNode = FALSE
	EndGlobalSection
	GlobalSection(NestedProjects) = preSolution
		{67DD32D8-C7AC-4ECE-BD91-6DCCECB0991C} = {1C032716-C75E-47A0-B6AA-D743BBA8413B}
		{E68FD7F0-3DDD-46F6-B6DD-9AEBCC11A303} = {1C032716-C75E-47A0-B6AA-D743BBA8413B}
		{DC95E870-FC45-4C49-AEFC-8CB224E77C35} = {1C032716-C75E-47A0-B6AA-D743BBA8413B}
		{0B15CCD1-7C02-4E3D-A6B2-7C3A42A400F9} = {DC95E870-FC45-4C49-AEFC-8CB224E77C35}
		{4DF38E4E-CD24-4B5A-9E8F-7E0052680B57} = {DC95E870-FC45-4C49-AEFC-8CB224E77C35}
		{974B2124-7CCD-48F8-926C-7A1130AA9D12} = {DC95E870-FC45-4C49-AEFC-8CB224E77C35}
		{93E66889-1F46-4C84-91D4-1B150E10EB8C} = {DC95E870-FC45-4C49-AEFC-8CB224E77C35}
		{CB28C10A-1398-4071-8375-E71A22857477} = {67DD32D8-C7AC-4ECE-BD91-6DCCECB0991C}
		{E341E084-AA3D-4BC7-AE52-84C2F72BE84F} = {67DD32D8-C7AC-4ECE-BD91-6DCCECB0991C}
		{0DFC0D68-135C-42FA-9702-5909BA838484} = {67DD32D8-C7AC-4ECE-BD91-6DCCECB0991C}
		{B0CD2937-C8EE-4D19-8D9C-DBD023A051A4} = {E68FD7F0-3DDD-46F6-B6DD-9AEBCC11A303}
		{F0F557A7-2FEE-4889-BCF7-DDA27615647C} = {E68FD7F0-3DDD-46F6-B6DD-9AEBCC11A303}
		{C4A11FF7-2788-4D5B-917C-615BF06A2CF1} = {E68FD7F0-3DDD-46F6-B6DD-9AEBCC11A303}
		{B9B1463F-A68E-4788-8E20-497BDF226D63} = {CA2E7E6F-9743-483A-95F0-D0ECF99AC852}
		{BF032A0A-CD4E-4F83-AF7E-5588838FB468} = {DC95E870-FC45-4C49-AEFC-8CB224E77C35}
		{DA97CB17-074F-43C1-88D6-87D95E4327C0} = {E68FD7F0-3DDD-46F6-B6DD-9AEBCC11A303}
		{64944EF5-37F5-4CEA-A35F-692D660968CC} = {67DD32D8-C7AC-4ECE-BD91-6DCCECB0991C}
	EndGlobalSection
	GlobalSection(ExtensibilityGlobals) = postSolution
		SolutionGuid = {E2A61F92-13A0-4EE3-9E97-B512B3F339DD}
	EndGlobalSection
EndGlobal
